
Microsoft Visual Studio Solution File, Format Version 12.00
# Visual Studio 14
VisualStudioVersion = 14.0.25420.1
MinimumVisualStudioVersion = 10.0.40219.1
Project("{2150E333-8FDC-42A3-9474-1A3956D46DE8}") = "src", "src", "{DEA07689-B522-4724-99D6-C67958336FA6}"
EndProject
Project("{2150E333-8FDC-42A3-9474-1A3956D46DE8}") = "Solution Items", "Solution Items", "{F14BB351-055A-4A12-8367-033A7F0DF349}"
	ProjectSection(SolutionItems) = preProject
		global.json = global.json
	EndProjectSection
EndProject
Project("{8BB2217D-0F2D-49D1-97BC-3654ED321F3B}") = "SimpleApp", "src\SimpleApp\SimpleApp.xproj", "{225AA04E-E752-484E-BD8B-F844E97C11D8}"
EndProject
Global
	GlobalSection(SolutionConfigurationPlatforms) = preSolution
		Debug|Any CPU = Debug|Any CPU
		Release|Any CPU = Release|Any CPU
	EndGlobalSection
	GlobalSection(ProjectConfigurationPlatforms) = postSolution
		{225AA04E-E752-484E-BD8B-F844E97C11D8}.Debug|Any CPU.ActiveCfg = Debug|Any CPU
		{225AA04E-E752-484E-BD8B-F844E97C11D8}.Debug|Any CPU.Build.0 = Debug|Any CPU
		{225AA04E-E752-484E-BD8B-F844E97C11D8}.Release|Any CPU.ActiveCfg = Release|Any CPU
		{225AA04E-E752-484E-BD8B-F844E97C11D8}.Release|Any CPU.Build.0 = Release|Any CPU
	EndGlobalSection
	GlobalSection(SolutionProperties) = preSolution
		HideSolutionNode = FALSE
	EndGlobalSection
	GlobalSection(NestedProjects) = preSolution
		{225AA04E-E752-484E-BD8B-F844E97C11D8} = {DEA07689-B522-4724-99D6-C67958336FA6}
	EndGlobalSection
EndGlobal
